
Microsoft Visual Studio Solution File, Format Version 12.00
# Visual Studio Version 17
VisualStudioVersion = 17.11.35431.28
MinimumVisualStudioVersion = 10.0.40219.1
Project("{9A19103F-16F7-4668-BE54-9A1E7A4F7556}") = "ToDoApp.Api", "ToDoApp.Api.csproj", "{688C1E67-AB4A-4BBF-9B6F-C3431B9AD00E}"
EndProject
Global
	GlobalSection(SolutionConfigurationPlatforms) = preSolution
		Debug|Any CPU = Debug|Any CPU
		Release|Any CPU = Release|Any CPU
	EndGlobalSection
	GlobalSection(ProjectConfigurationPlatforms) = postSolution
		{688C1E67-AB4A-4BBF-9B6F-C3431B9AD00E}.Debug|Any CPU.ActiveCfg = Debug|Any CPU
		{688C1E67-AB4A-4BBF-9B6F-C3431B9AD00E}.Debug|Any CPU.Build.0 = Debug|Any CPU
		{688C1E67-AB4A-4BBF-9B6F-C3431B9AD00E}.Release|Any CPU.ActiveCfg = Release|Any CPU
		{688C1E67-AB4A-4BBF-9B6F-C3431B9AD00E}.Release|Any CPU.Build.0 = Release|Any CPU
	EndGlobalSection
	GlobalSection(SolutionProperties) = preSolution
		HideSolutionNode = FALSE
	EndGlobalSection
	GlobalSection(ExtensibilityGlobals) = postSolution
		SolutionGuid = {725A07E3-1379-4B21-9163-4B64AE3ABC5D}
	EndGlobalSection
EndGlobal
